
Microsoft Visual Studio Solution File, Format Version 12.00
# Visual Studio Version 17
VisualStudioVersion = 17.5.33530.505
MinimumVisualStudioVersion = 10.0.40219.1
Project("{9A19103F-16F7-4668-BE54-9A1E7A4F7556}") = "ParserDbf", "ParserDbf\ParserDbf.csproj", "{8BA52A80-6CC6-4C33-8842-68575A1FDE6D}"
EndProject
Global
	GlobalSection(SolutionConfigurationPlatforms) = preSolution
		Debug|Any CPU = Debug|Any CPU
		Release|Any CPU = Release|Any CPU
	EndGlobalSection
	GlobalSection(ProjectConfigurationPlatforms) = postSolution
		{8BA52A80-6CC6-4C33-8842-68575A1FDE6D}.Debug|Any CPU.ActiveCfg = Debug|Any CPU
		{8BA52A80-6CC6-4C33-8842-68575A1FDE6D}.Debug|Any CPU.Build.0 = Debug|Any CPU
		{8BA52A80-6CC6-4C33-8842-68575A1FDE6D}.Release|Any CPU.ActiveCfg = Release|Any CPU
		{8BA52A80-6CC6-4C33-8842-68575A1FDE6D}.Release|Any CPU.Build.0 = Release|Any CPU
	EndGlobalSection
	GlobalSection(SolutionProperties) = preSolution
		HideSolutionNode = FALSE
	EndGlobalSection
	GlobalSection(ExtensibilityGlobals) = postSolution
		SolutionGuid = {1D2EF405-0B44-4BA8-B6F5-0828C4648B25}
	EndGlobalSection
EndGlobal
